Microsoft Visual Studio Solution File, Format Version 11.00
# Visual Studio 2008

Project("{177E6537-AB08-C531-60C5-1245B43CF1FB}") = "The 10 Childrens", "Assembly-CSharp.csproj", "{AB438E95-E9D6-6517-C752-946F05287ABB}"
EndProject
Global
	GlobalSection(SolutionConfigurationPlatforms) = preSolution
		Debug|Any CPU = Debug|Any CPU
		Release|Any CPU = Release|Any CPU
	EndGlobalSection
	GlobalSection(ProjectConfigurationPlatforms) = postSolution
		{AB438E95-E9D6-6517-C752-946F05287ABB}.Debug|Any CPU.ActiveCfg = Debug|Any CPU
		{AB438E95-E9D6-6517-C752-946F05287ABB}.Debug|Any CPU.Build.0 = Debug|Any CPU
		{AB438E95-E9D6-6517-C752-946F05287ABB}.Release|Any CPU.ActiveCfg = Release|Any CPU
		{AB438E95-E9D6-6517-C752-946F05287ABB}.Release|Any CPU.Build.0 = Release|Any CPU
	EndGlobalSection
	GlobalSection(SolutionProperties) = preSolution
		HideSolutionNode = FALSE
	EndGlobalSection
		GlobalSection(MonoDevelopProperties) = preSolution
		StartupItem = Assembly-CSharp.csproj
	EndGlobalSection

EndGlobal
