
Microsoft Visual Studio Solution File, Format Version 11.00
# Visual Studio 2010
Project("{FAE04EC0-301F-11D3-BF4B-00C04F79EFBC}") = "Knife Game", "Assembly-CSharp.csproj", "{DBA91716-2CA3-8C54-915E-BD848C4269ED}"
EndProject
Global
	GlobalSection(SolutionConfigurationPlatforms) = preSolution
		Debug|Any CPU = Debug|Any CPU
		Release|Any CPU = Release|Any CPU
	EndGlobalSection
	GlobalSection(ProjectConfigurationPlatforms) = postSolution
		{DBA91716-2CA3-8C54-915E-BD848C4269ED}.Debug|Any CPU.ActiveCfg = Debug|Any CPU
		{DBA91716-2CA3-8C54-915E-BD848C4269ED}.Debug|Any CPU.Build.0 = Debug|Any CPU
		{DBA91716-2CA3-8C54-915E-BD848C4269ED}.Release|Any CPU.ActiveCfg = Release|Any CPU
		{DBA91716-2CA3-8C54-915E-BD848C4269ED}.Release|Any CPU.Build.0 = Release|Any CPU
	EndGlobalSection
	GlobalSection(SolutionProperties) = preSolution
		HideSolutionNode = FALSE
	EndGlobalSection
	GlobalSection(MonoDevelopProperties) = preSolution
		StartupItem = Assembly-CSharp.csproj
	EndGlobalSection
EndGlobal
